lockfileVersion: '9.0'

settings:
  autoInstallPeers: true
  excludeLinksFromLockfile: false

importers:

  .:
    dependencies:
      '@base-ui/react':
        specifier: ^1.4.1
        version: 1.4.1(react-dom@19.2.6(react@19.2.6))(react@19.2.6)
      '@nebula-db/nebula-db':
        specifier: ^0.4.6
        version: 0.4.6
      '@preact/signals':
        specifier: ^2.9.0
        version: 2.9.0(preact@10.29.1)
      deepsignal:
        specifier: ^1.6.0
        version: 1.6.0(@preact/signals-core@1.14.1)(@preact/signals@2.9.0(preact@10.29.1))(preact@10.29.1)
      preact:
        specifier: ^10.29.1
        version: 10.29.1
      wouter:
        specifier: ^3.9.0
        version: 3.9.0(react@19.2.6)
    devDependencies:
      '@biomejs/biome':
        specifier: 2.4.13
        version: 2.4.13
      '@rsbuild/core':
        specifier: ^2.0.5
        version: 2.0.5
      '@rsbuild/plugin-preact':
        specifier: ^1.7.2
        version: 1.7.2(@rsbuild/core@2.0.5)(preact@10.29.1)
      typescript:
        specifier: ^6.0.3
        version: 6.0.3

packages:

  '@babel/runtime@7.29.2':
    resolution: {integrity: sha512-JiDShH45zKHWyGe4ZNVRrCjBz8Nh9TMmZG1kh4QTK8hCBTWBi8Da+i7s1fJw7/lYpM4ccepSNfqzZ/QvABBi5g==}
    engines: {node: '>=6.9.0'}

  '@base-ui/react@1.4.1':
    resolution: {integrity: sha512-Ab5/LIhcmL8BQcsBUYiOfkSDRdLpvgUBzMK30cu684JPcLclYlztharvCZyNNgzJtbAiREzI9q0pI5erHCMgCw==}
    engines: {node: '>=14.0.0'}
    peerDependencies:
      '@date-fns/tz': ^1.2.0
      '@types/react': ^17 || ^18 || ^19
      date-fns: ^4.0.0
      react: ^17 || ^18 || ^19
      react-dom: ^17 || ^18 || ^19
    peerDependenciesMeta:
      '@date-fns/tz':
        optional: true
      '@types/react':
        optional: true
      date-fns:
        optional: true

  '@base-ui/utils@0.2.8':
    resolution: {integrity: sha512-jvOi+c+ftGlGotNcKnzPVg2IhCaDTB6/6R3JeqdjdXktuAJi3wKH9T7+svuaKh1mmfVU11UWzUZVH74JDfi/wQ==}
    peerDependencies:
      '@types/react': ^17 || ^18 || ^19
      react: ^17 || ^18 || ^19
      react-dom: ^17 || ^18 || ^19
    peerDependenciesMeta:
      '@types/react':
        optional: true

  '@biomejs/biome@2.4.13':
    resolution: {integrity: sha512-gLXOwkOBBg0tr7bDsqlkIh4uFeKuMjxvqsrb1Tukww1iDmHcfr4Uu8MoQxp0Rcte+69+osRNWXwHsu/zxT6XqA==}
    engines: {node: '>=14.21.3'}
    hasBin: true

  '@biomejs/cli-darwin-arm64@2.4.13':
    resolution: {integrity: sha512-2KImO1jhNFBa2oWConyr0x6flxbQpGKv6902uGXpYM62Xyem8U80j441SyUJ8KyngsmKbQjeIv1q2CQfDkNnYg==}
    engines: {node: '>=14.21.3'}
    cpu: [arm64]
    os: [darwin]

  '@biomejs/cli-darwin-x64@2.4.13':
    resolution: {integrity: sha512-BKrJklbaFN4p1Ts4kPBczo+PkbsHQg57kmJ+vON9u2t6uN5okYHaSr7h/MutPCWQgg2lglaWoSmm+zhYW+oOkg==}
    engines: {node: '>=14.21.3'}
    cpu: [x64]
    os: [darwin]

  '@biomejs/cli-linux-arm64-musl@2.4.13':
    resolution: {integrity: sha512-U5MsuBQW25dXaYtqWWSPM3P96H6Y+fHuja3TQpMNnylocHW0tEbtFTDlUj6oM+YJLntvEkQy4grBvQNUD4+RCg==}
    engines: {node: '>=14.21.3'}
    cpu: [arm64]
    os: [linux]
    libc: [musl]

  '@biomejs/cli-linux-arm64@2.4.13':
    resolution: {integrity: sha512-NzkUDSqfvMBrPplKgVr3aXLHZ2NEELvvF4vZxXulEylKWIGqlvNEcwUcj9OLrn75TD3lJ/GIqCVlBwd1MZCuYQ==}
    engines: {node: '>=14.21.3'}
    cpu: [arm64]
    os: [linux]
    libc: [glibc]

  '@biomejs/cli-linux-x64-musl@2.4.13':
    resolution: {integrity: sha512-Z601MienRgTBDza/+u2CH3RSrWoXo9rtr8NK6A4KJzqGgfxx+H3VlyLgTJ4sRo40T3pIsqpTmiOQEvYzQvBRvQ==}
    engines: {node: '>=14.21.3'}
    cpu: [x64]
    os: [linux]
    libc: [musl]

  '@biomejs/cli-linux-x64@2.4.13':
    resolution: {integrity: sha512-Az3ZZedYRBo9EQzNnD9SxFcR1G5QsGo6VEc2hIyVPZ1rdKwee/7E9oeBBZFpE8Z44ekxsDQBqbiWGW5ShOhUSQ==}
    engines: {node: '>=14.21.3'}
    cpu: [x64]
    os: [linux]
    libc: [glibc]

  '@biomejs/cli-win32-arm64@2.4.13':
    resolution: {integrity: sha512-Px9PS2B5/Q183bUwy/5VHqp3J2lzdOCeVGzMpphYfl8oSa7VDCqenBdqWpy6DCy/en4Rbf/Y1RieZF6dJPcc9A==}
    engines: {node: '>=14.21.3'}
    cpu: [arm64]
    os: [win32]

  '@biomejs/cli-win32-x64@2.4.13':
    resolution: {integrity: sha512-tTcMkXyBrmHi9BfrD2VNHs/5rYIUKETqsBlYOvSAABwBkJhSDVb5e7wPukftsQbO3WzQkXe6kaztC6WtUOXSoQ==}
    engines: {node: '>=14.21.3'}
    cpu: [x64]
    os: [win32]

  '@emnapi/core@1.10.0':
    resolution: {integrity: sha512-yq6OkJ4p82CAfPl0u9mQebQHKPJkY7WrIuk205cTYnYe+k2Z8YBh11FrbRG/H6ihirqcacOgl2BIO8oyMQLeXw==}

  '@emnapi/runtime@1.10.0':
    resolution: {integrity: sha512-ewvYlk86xUoGI0zQRNq/mC+16R1QeDlKQy21Ki3oSYXNgLb45GV1P6A0M+/s6nyCuNDqe5VpaY84BzXGwVbwFA==}

  '@emnapi/wasi-threads@1.2.1':
    resolution: {integrity: sha512-uTII7OYF+/Mes/MrcIOYp5yOtSMLBWSIoLPpcgwipoiKbli6k322tcoFsxoIIxPDqW01SQGAgko4EzZi2BNv2w==}

  '@floating-ui/core@1.7.5':
    resolution: {integrity: sha512-1Ih4WTWyw0+lKyFMcBHGbb5U5FtuHJuujoyyr5zTaWS5EYMeT6Jb2AuDeftsCsEuchO+mM2ij5+q9crhydzLhQ==}

  '@floating-ui/dom@1.7.6':
    resolution: {integrity: sha512-9gZSAI5XM36880PPMm//9dfiEngYoC6Am2izES1FF406YFsjvyBMmeJ2g4SAju3xWwtuynNRFL2s9hgxpLI5SQ==}

  '@floating-ui/react-dom@2.1.8':
    resolution: {integrity: sha512-cC52bHwM/n/CxS87FH0yWdngEZrjdtLW/qVruo68qg+prK7ZQ4YGdut2GyDVpoGeAYe/h899rVeOVm6Oi40k2A==}
    peerDependencies:
      react: '>=16.8.0'
      react-dom: '>=16.8.0'

  '@floating-ui/utils@0.2.11':
    resolution: {integrity: sha512-RiB/yIh78pcIxl6lLMG0CgBXAZ2Y0eVHqMPYugu+9U0AeT6YBeiJpf7lbdJNIugFP5SIjwNRgo4DhR1Qxi26Gg==}

  '@napi-rs/wasm-runtime@1.1.4':
    resolution: {integrity: sha512-3NQNNgA1YSlJb/kMH1ildASP9HW7/7kYnRI2szWJaofaS1hWmbGI4H+d3+22aGzXXN9IJ+n+GiFVcGipJP18ow==}
    peerDependencies:
      '@emnapi/core': ^1.7.1
      '@emnapi/runtime': ^1.7.1

  '@nebula-db/adapter-filesystem@0.4.2':
    resolution: {integrity: sha512-KuBkYvLciRWzGXc6YzfOt07LPkau8lRaHDo44exhgLQCxSsk7oXnDAIISV+fUriDLeTJkYAF+5SvIsjq+YGNlg==}

  '@nebula-db/adapter-indexeddb@0.4.2':
    resolution: {integrity: sha512-CzH/EQGren6ybHB1s+dLzAk1LzLSpGuKfivK1zh+JPJMkEoImMOzFlFmohd1t0BThIrRl14OzY+znU/WOKNirg==}

  '@nebula-db/adapter-localstorage@0.4.2':
    resolution: {integrity: sha512-sCf28Je2XXNhIkvn234nrw8ELkIysbm2GwkQfEr62jwVmjdNLAjuQLxNVo2p8ChA31O1yyLv7Wy4QSWxFKxTjQ==}

  '@nebula-db/adapter-memory@0.4.2':
    resolution: {integrity: sha512-f0RM3xqotpbxPWC5fnqo7mX4DqJki8l/2F0FyHq1x+btX12WOvCvLTykhi/5LY2zbBCtLl/DlV4OiqAMLd1FRA==}

  '@nebula-db/core@0.4.4':
    resolution: {integrity: sha512-VKtatci2Qq4pJmNYzy5/JZspFzUq+yltmYIjXHVnas8TSFKDfcIADkxx1jI6uTeGjzy+VsWSIeYig02RP86Oqg==}

  '@nebula-db/nebula-db@0.4.6':
    resolution: {integrity: sha512-X+t6OpFKprOM4ov1fZ9ZxZUlgHv+jWu79Yph+bYUH2uSG4nkVuxWQjNNPngsH2Q1EoA5CzuBHsgEu1CW1qgwxA==}

  '@nebula-db/plugin-validation@0.4.0':
    resolution: {integrity: sha512-xcqv+RGKCACwYcUjwOnGspet496JqS0W2QiBTMn7pOQ8Fou9iGrKQE/JwFTl/dniSrDPtRUTzjbzavzS8+uA7g==}
    peerDependencies:
      '@nebula-db/core': ^0.4.1

  '@preact/signals-core@1.14.1':
    resolution: {integrity: sha512-vxPpfXqrwUe9lpjqfYNjAF/0RF/eFGeLgdJzdmIIZjpOnTmGmAB4BjWone562mJGMRP4frU6iZ6ei3PDsu52Ng==}

  '@preact/signals@2.9.0':
    resolution: {integrity: sha512-hYrY0KyUqkDgOl1qba/JGn6y81pXnurn21PMaxfcMwdncdZ3M/oVdmpTvEnsGjh48dIwDVc7bjWHqIsngSjYug==}
    peerDependencies:
      preact: '>= 10.25.0 || >=11.0.0-0'

  '@prefresh/core@1.5.9':
    resolution: {integrity: sha512-IKBKCPaz34OFVC+adiQ2qaTF5qdztO2/4ZPf4KsRTgjKosWqxVXmEbxCiUydYZRY8GVie+DQlKzQr9gt6HQ+EQ==}
    peerDependencies:
      preact: ^10.0.0 || ^11.0.0-0

  '@prefresh/utils@1.2.1':
    resolution: {integrity: sha512-vq/sIuN5nYfYzvyayXI4C2QkprfNaHUQ9ZX+3xLD8nL3rWyzpxOm1+K7RtMbhd+66QcaISViK7amjnheQ/4WZw==}

  '@rsbuild/core@2.0.5':
    resolution: {integrity: sha512-KajO50hbXb32S8MsyDh2f+xKcVeRy9Gfzdcy0JjpMLj22djHugly6jrGo7jH7ls9X6/TDcyCTncSuNK4+D2lTw==}
    engines: {node: ^20.19.0 || >=22.12.0}
    hasBin: true
    peerDependencies:
      core-js: '>= 3.0.0'
    peerDependenciesMeta:
      core-js:
        optional: true

  '@rsbuild/plugin-preact@1.7.2':
    resolution: {integrity: sha512-MHDpgrwmUp0Ktgem6A2Tih3xX7arGuKiUVkh4dDObE/UbWfJhyXcyq0q5gNaWVfqTgbVBHfL9bVy8jhzcY67TA==}
    peerDependencies:
      '@rsbuild/core': ^1.0.0 || ^2.0.0-0
    peerDependenciesMeta:
      '@rsbuild/core':
        optional: true

  '@rspack/binding-darwin-arm64@2.0.2':
    resolution: {integrity: sha512-0o7lbgBBsDlICWdjIH0q3e0BsSco4GRiImHWVfZSVEG+q2+ykZJvSvYCVhPM1Co375Z0S3VMPa/8SjcY1FHwlw==}
    cpu: [arm64]
    os: [darwin]

  '@rspack/binding-darwin-x64@2.0.2':
    resolution: {integrity: sha512-tOwxZpoPlTlRs/w6UyUinXJ4TYRVHMlR7+eQxO1R3muKpixvhXQjtvoaY16HuFyTVky5F0IfOoWr3x9FEsgdLg==}
    cpu: [x64]
    os: [darwin]

  '@rspack/binding-linux-arm64-gnu@2.0.2':
    resolution: {integrity: sha512-1ZD4YFhG1rmgqj+W8hfwHyKV8xDxGsc/3KgU0FwmiVEX7JfzhCkgBO/xlCG79kRKSrzuVzt4icO/G3cCKn0pag==}
    cpu: [arm64]
    os: [linux]
    libc: [glibc]

  '@rspack/binding-linux-arm64-musl@2.0.2':
    resolution: {integrity: sha512-/PtTkM/DsDLjeuXTmeJeRfbjCDbcL9jvoVgZrgxYFZ28y2cdLvbChbW9uigOzs5dQEs1CIBQXMTTj7KhdBTuQg==}
    cpu: [arm64]
    os: [linux]
    libc: [musl]

  '@rspack/binding-linux-x64-gnu@2.0.2':
    resolution: {integrity: sha512-bBjsZxMHRaPo6X9SokApm6ucs+UhXtAJFyJJyuk2BH4XJsLeCU9Dz1vMwioeohFbJUUeTASVPm6/BL+RhSaunw==}
    cpu: [x64]
    os: [linux]
    libc: [glibc]

  '@rspack/binding-linux-x64-musl@2.0.2':
    resolution: {integrity: sha512-HjlpInqzabDNkhVsUJpsHPqa9QYVWBViJoyWNjzXCAW0vKMDvwaphyUvokSinX8FGTlZi/sr5UEaHJo6XtQ35g==}
    cpu: [x64]
    os: [linux]
    libc: [musl]

  '@rspack/binding-wasm32-wasi@2.0.2':
    resolution: {integrity: sha512-YaRYNFLJRpkGfYjSWR7n9f+nQKtrlmrrffpAn/blc2geHcRvXoBc5SCs1idPtsLhj7H9qWWhs7ucjyHy4csWFg==}
    cpu: [wasm32]

  '@rspack/binding-win32-arm64-msvc@2.0.2':
    resolution: {integrity: sha512-d/3kTEKq+asLjRFPO96t+wfWiM7DLN76VQEPDD9bc1kdsZXlVJBuvyXfsgK8bbEvKplWXYcSsokhmEnuXrLOpg==}
    cpu: [arm64]
    os: [win32]

  '@rspack/binding-win32-ia32-msvc@2.0.2':
    resolution: {integrity: sha512-161cWineq3RW+Jdm1FAfSpXeUtYWvhB3kAbm46vNT9h/YYz+spwsFMvveAZ1nsVSVL0IC5lDBGUte7yUAY8K2g==}
    cpu: [ia32]
    os: [win32]

  '@rspack/binding-win32-x64-msvc@2.0.2':
    resolution: {integrity: sha512-y7Q0S1FE+OlkL5GMqLG0PwxrPw6E1r892KhGrGKE1Vdufe5YTEx6xTPxzZ+b7N2KPD7s9G1/iJmWHQxb1+Bjkg==}
    cpu: [x64]
    os: [win32]

  '@rspack/binding@2.0.2':
    resolution: {integrity: sha512-0kZPplW9GWx8mfC6DfsaRY3QBIYPuUs42JfmSM6aSb8tMHZAXQeLeMB8M+h8i4SeI+aFtCgO6UuYGtyWf7+L+A==}

  '@rspack/core@2.0.2':
    resolution: {integrity: sha512-VM3UHOo26uC+4QSqY5tU1ybI7KuXY5rTof8nhFOaBY9SYau0Smvr+hMSAPmrmHwknB6dXT8yaNVxrj7I+qxE1Q==}
    engines: {node: ^20.19.0 || >=22.12.0}
    peerDependencies:
      '@module-federation/runtime-tools': ^0.24.1 || ^2.0.0
      '@swc/helpers': '>=0.5.1'
    peerDependenciesMeta:
      '@module-federation/runtime-tools':
        optional: true
      '@swc/helpers':
        optional: true

  '@rspack/plugin-preact-refresh@1.1.5':
    resolution: {integrity: sha512-1oXF8ovAF+XoMcZ1qjeJ+l28qXAnKmVulV8Q5/Q1bXDkfMBmvC10O94wpxojcIY/kdMrHIFTfWbUhm0qBcYeGA==}
    peerDependencies:
      '@prefresh/core': ^1.5.0
      '@prefresh/utils': ^1.2.0

  '@swc/counter@0.1.3':
    resolution: {integrity: sha512-e2BR4lsJkkRlKZ/qCHPw9ZaSxc0MVUd7gtbtaB7aMvHeJVYe8sOB8DBZkP2DtISHGSku9sCK6T6cnY0CtXrOCQ==}

  '@swc/helpers@0.5.21':
    resolution: {integrity: sha512-jI/VAmtdjB/RnI8GTnokyX7Ug8c+g+ffD6QRLa6XQewtnGyukKkKSk3wLTM3b5cjt1jNh9x0jfVlagdN2gDKQg==}

  '@swc/plugin-prefresh@12.9.0':
    resolution: {integrity: sha512-7LF8pStED/weZLlUpA9WyrrefalMVRZeOPzA5Htd7H6VCjO5xWtC9o9tmlK0HKZauRIq90BKtRdP44PBAP1W4w==}

  '@tybys/wasm-util@0.10.2':
    resolution: {integrity: sha512-RoBvJ2X0wuKlWFIjrwffGw1IqZHKQqzIchKaadZZfnNpsAYp2mM0h36JtPCjNDAHGgYez/15uMBpfGwchhiMgg==}

  deepsignal@1.6.0:
    resolution: {integrity: sha512-oplhhOSfBRKmx96B0PzbhRaX2W7iDpH6BEqvyGLIZPO2pdHQD+/P3u4Z8wi/sKXjCE7ht8C7ULTEzLSJbgwccA==}
    peerDependencies:
      '@preact/signals': ^1.1.4 || ^2.0.0
      '@preact/signals-core': ^1.5.1
      '@preact/signals-react': ^1.3.8 || ^2.0.0 || ^3.0.0
      preact: ^10.16.0
    peerDependenciesMeta:
      '@preact/signals':
        optional: true
      '@preact/signals-core':
        optional: true
      '@preact/signals-react':
        optional: true
      preact:
        optional: true

  mitt@3.0.1:
    resolution: {integrity: sha512-vKivATfr97l2/QBCYAkXYDbrIWPM2IIKEl7YPhjCvKlG3kE2gm+uBo6nEXK3M5/Ffh/FLpKExzOQ3JJoJGFKBw==}

  preact@10.29.1:
    resolution: {integrity: sha512-gQCLc/vWroE8lIpleXtdJhTFDogTdZG9AjMUpVkDf2iTCNwYNWA+u16dL41TqUDJO4gm2IgrcMv3uTpjd4Pwmg==}

  react-dom@19.2.6:
    resolution: {integrity: sha512-0prMI+hvBbPjsWnxDLxlCGyM8PN6UuWjEUCYmZhO67xIV9Xasa/r/vDnq+Xyq4Lo27g8QSbO5YzARu0D1Sps3g==}
    peerDependencies:
      react: ^19.2.6

  react@19.2.6:
    resolution: {integrity: sha512-sfWGGfavi0xr8Pg0sVsyHMAOziVYKgPLNrS7ig+ivMNb3wbCBw3KxtflsGBAwD3gYQlE/AEZsTLgToRrSCjb0Q==}
    engines: {node: '>=0.10.0'}

  regexparam@3.0.0:
    resolution: {integrity: sha512-RSYAtP31mvYLkAHrOlh25pCNQ5hWnT106VukGaaFfuJrZFkGRX5GhUAdPqpSDXxOhA2c4akmRuplv1mRqnBn6Q==}
    engines: {node: '>=8'}

  reselect@5.1.1:
    resolution: {integrity: sha512-K/BG6eIky/SBpzfHZv/dd+9JBFiS4SWV7FIujVyJRux6e45+73RaUHXLmIR1f7WOMaQ0U1km6qwklRQxpJJY0w==}

  scheduler@0.27.0:
    resolution: {integrity: sha512-eNv+WrVbKu1f3vbYJT/xtiF5syA5HPIMtf9IgY/nKg0sWqzAUEvqY/xm7OcZc/qafLx/iO9FgOmeSAp4v5ti/Q==}

  tslib@2.8.1:
    resolution: {integrity: sha512-oJFu94HQb+KVduSUQL7wnpmqnfmLsOA/nAh6b6EH0wCEoK0/mPeXU6c3wKDV83MkOuHPRHtSXKKU99IBazS/2w==}

  typescript@6.0.3:
    resolution: {integrity: sha512-y2TvuxSZPDyQakkFRPZHKFm+KKVqIisdg9/CZwm9ftvKXLP8NRWj38/ODjNbr43SsoXqNuAisEf1GdCxqWcdBw==}
    engines: {node: '>=14.17'}
    hasBin: true

  use-sync-external-store@1.6.0:
    resolution: {integrity: sha512-Pp6GSwGP/NrPIrxVFAIkOQeyw8lFenOHijQWkUTrDvrF4ALqylP2C/KCkeS9dpUM3KvYRQhna5vt7IL95+ZQ9w==}
    peerDependencies:
      react: ^16.8.0 || ^17.0.0 || ^18.0.0 || ^19.0.0

  wouter@3.9.0:
    resolution: {integrity: sha512-sF/od/PIgqEQBQcrN7a2x3MX6MQE6nW0ygCfy9hQuUkuB28wEZuu/6M5GyqkrrEu9M6jxdkgE12yDFsQMKos4Q==}
    peerDependencies:
      react: '>=16.8.0'

  zod@3.25.76:
    resolution: {integrity: sha512-gzUt/qt81nXsFGKIFcC3YnfEAx5NkunCfnDlvuBSSFS02bcXu4Lmea0AFIUwbLWxWPx3d9p8S5QoaujKcNQxcQ==}

snapshots:

  '@babel/runtime@7.29.2': {}

  '@base-ui/react@1.4.1(react-dom@19.2.6(react@19.2.6))(react@19.2.6)':
    dependencies:
      '@babel/runtime': 7.29.2
      '@base-ui/utils': 0.2.8(react-dom@19.2.6(react@19.2.6))(react@19.2.6)
      '@floating-ui/react-dom': 2.1.8(react-dom@19.2.6(react@19.2.6))(react@19.2.6)
      '@floating-ui/utils': 0.2.11
      react: 19.2.6
      react-dom: 19.2.6(react@19.2.6)
      use-sync-external-store: 1.6.0(react@19.2.6)

  '@base-ui/utils@0.2.8(react-dom@19.2.6(react@19.2.6))(react@19.2.6)':
    dependencies:
      '@babel/runtime': 7.29.2
      '@floating-ui/utils': 0.2.11
      react: 19.2.6
      react-dom: 19.2.6(react@19.2.6)
      reselect: 5.1.1
      use-sync-external-store: 1.6.0(react@19.2.6)

  '@biomejs/biome@2.4.13':
    optionalDependencies:
      '@biomejs/cli-darwin-arm64': 2.4.13
      '@biomejs/cli-darwin-x64': 2.4.13
      '@biomejs/cli-linux-arm64': 2.4.13
      '@biomejs/cli-linux-arm64-musl': 2.4.13
      '@biomejs/cli-linux-x64': 2.4.13
      '@biomejs/cli-linux-x64-musl': 2.4.13
      '@biomejs/cli-win32-arm64': 2.4.13
      '@biomejs/cli-win32-x64': 2.4.13

  '@biomejs/cli-darwin-arm64@2.4.13':
    optional: true

  '@biomejs/cli-darwin-x64@2.4.13':
    optional: true

  '@biomejs/cli-linux-arm64-musl@2.4.13':
    optional: true

  '@biomejs/cli-linux-arm64@2.4.13':
    optional: true

  '@biomejs/cli-linux-x64-musl@2.4.13':
    optional: true

  '@biomejs/cli-linux-x64@2.4.13':
    optional: true

  '@biomejs/cli-win32-arm64@2.4.13':
    optional: true

  '@biomejs/cli-win32-x64@2.4.13':
    optional: true

  '@emnapi/core@1.10.0':
    dependencies:
      '@emnapi/wasi-threads': 1.2.1
      tslib: 2.8.1
    optional: true

  '@emnapi/runtime@1.10.0':
    dependencies:
      tslib: 2.8.1
    optional: true

  '@emnapi/wasi-threads@1.2.1':
    dependencies:
      tslib: 2.8.1
    optional: true

  '@floating-ui/core@1.7.5':
    dependencies:
      '@floating-ui/utils': 0.2.11

  '@floating-ui/dom@1.7.6':
    dependencies:
      '@floating-ui/core': 1.7.5
      '@floating-ui/utils': 0.2.11

  '@floating-ui/react-dom@2.1.8(react-dom@19.2.6(react@19.2.6))(react@19.2.6)':
    dependencies:
      '@floating-ui/dom': 1.7.6
      react: 19.2.6
      react-dom: 19.2.6(react@19.2.6)

  '@floating-ui/utils@0.2.11': {}

  '@napi-rs/wasm-runtime@1.1.4(@emnapi/core@1.10.0)(@emnapi/runtime@1.10.0)':
    dependencies:
      '@emnapi/core': 1.10.0
      '@emnapi/runtime': 1.10.0
      '@tybys/wasm-util': 0.10.2
    optional: true

  '@nebula-db/adapter-filesystem@0.4.2':
    dependencies:
      '@nebula-db/core': 0.4.4

  '@nebula-db/adapter-indexeddb@0.4.2':
    dependencies:
      '@nebula-db/core': 0.4.4

  '@nebula-db/adapter-localstorage@0.4.2':
    dependencies:
      '@nebula-db/core': 0.4.4

  '@nebula-db/adapter-memory@0.4.2':
    dependencies:
      '@nebula-db/core': 0.4.4

  '@nebula-db/core@0.4.4':
    dependencies:
      '@preact/signals-core': 1.14.1

  '@nebula-db/nebula-db@0.4.6':
    dependencies:
      '@nebula-db/adapter-filesystem': 0.4.2
      '@nebula-db/adapter-indexeddb': 0.4.2
      '@nebula-db/adapter-localstorage': 0.4.2
      '@nebula-db/adapter-memory': 0.4.2
      '@nebula-db/core': 0.4.4
      '@nebula-db/plugin-validation': 0.4.0(@nebula-db/core@0.4.4)

  '@nebula-db/plugin-validation@0.4.0(@nebula-db/core@0.4.4)':
    dependencies:
      '@nebula-db/core': 0.4.4
      zod: 3.25.76

  '@preact/signals-core@1.14.1': {}

  '@preact/signals@2.9.0(preact@10.29.1)':
    dependencies:
      '@preact/signals-core': 1.14.1
      preact: 10.29.1

  '@prefresh/core@1.5.9(preact@10.29.1)':
    dependencies:
      preact: 10.29.1

  '@prefresh/utils@1.2.1': {}

  '@rsbuild/core@2.0.5':
    dependencies:
      '@rspack/core': 2.0.2(@swc/helpers@0.5.21)
      '@swc/helpers': 0.5.21
    transitivePeerDependencies:
      - '@module-federation/runtime-tools'

  '@rsbuild/plugin-preact@1.7.2(@rsbuild/core@2.0.5)(preact@10.29.1)':
    dependencies:
      '@prefresh/core': 1.5.9(preact@10.29.1)
      '@prefresh/utils': 1.2.1
      '@rspack/plugin-preact-refresh': 1.1.5(@prefresh/core@1.5.9(preact@10.29.1))(@prefresh/utils@1.2.1)
      '@swc/plugin-prefresh': 12.9.0
    optionalDependencies:
      '@rsbuild/core': 2.0.5
    transitivePeerDependencies:
      - preact

  '@rspack/binding-darwin-arm64@2.0.2':
    optional: true

  '@rspack/binding-darwin-x64@2.0.2':
    optional: true

  '@rspack/binding-linux-arm64-gnu@2.0.2':
    optional: true

  '@rspack/binding-linux-arm64-musl@2.0.2':
    optional: true

  '@rspack/binding-linux-x64-gnu@2.0.2':
    optional: true

  '@rspack/binding-linux-x64-musl@2.0.2':
    optional: true

  '@rspack/binding-wasm32-wasi@2.0.2':
    dependencies:
      '@emnapi/core': 1.10.0
      '@emnapi/runtime': 1.10.0
      '@napi-rs/wasm-runtime': 1.1.4(@emnapi/core@1.10.0)(@emnapi/runtime@1.10.0)
    optional: true

  '@rspack/binding-win32-arm64-msvc@2.0.2':
    optional: true

  '@rspack/binding-win32-ia32-msvc@2.0.2':
    optional: true

  '@rspack/binding-win32-x64-msvc@2.0.2':
    optional: true

  '@rspack/binding@2.0.2':
    optionalDependencies:
      '@rspack/binding-darwin-arm64': 2.0.2
      '@rspack/binding-darwin-x64': 2.0.2
      '@rspack/binding-linux-arm64-gnu': 2.0.2
      '@rspack/binding-linux-arm64-musl': 2.0.2
      '@rspack/binding-linux-x64-gnu': 2.0.2
      '@rspack/binding-linux-x64-musl': 2.0.2
      '@rspack/binding-wasm32-wasi': 2.0.2
      '@rspack/binding-win32-arm64-msvc': 2.0.2
      '@rspack/binding-win32-ia32-msvc': 2.0.2
      '@rspack/binding-win32-x64-msvc': 2.0.2

  '@rspack/core@2.0.2(@swc/helpers@0.5.21)':
    dependencies:
      '@rspack/binding': 2.0.2
    optionalDependencies:
      '@swc/helpers': 0.5.21

  '@rspack/plugin-preact-refresh@1.1.5(@prefresh/core@1.5.9(preact@10.29.1))(@prefresh/utils@1.2.1)':
    dependencies:
      '@prefresh/core': 1.5.9(preact@10.29.1)
      '@prefresh/utils': 1.2.1

  '@swc/counter@0.1.3': {}

  '@swc/helpers@0.5.21':
    dependencies:
      tslib: 2.8.1

  '@swc/plugin-prefresh@12.9.0':
    dependencies:
      '@swc/counter': 0.1.3

  '@tybys/wasm-util@0.10.2':
    dependencies:
      tslib: 2.8.1
    optional: true

  deepsignal@1.6.0(@preact/signals-core@1.14.1)(@preact/signals@2.9.0(preact@10.29.1))(preact@10.29.1):
    optionalDependencies:
      '@preact/signals': 2.9.0(preact@10.29.1)
      '@preact/signals-core': 1.14.1
      preact: 10.29.1

  mitt@3.0.1: {}

  preact@10.29.1: {}

  react-dom@19.2.6(react@19.2.6):
    dependencies:
      react: 19.2.6
      scheduler: 0.27.0

  react@19.2.6: {}

  regexparam@3.0.0: {}

  reselect@5.1.1: {}

  scheduler@0.27.0: {}

  tslib@2.8.1: {}

  typescript@6.0.3: {}

  use-sync-external-store@1.6.0(react@19.2.6):
    dependencies:
      react: 19.2.6

  wouter@3.9.0(react@19.2.6):
    dependencies:
      mitt: 3.0.1
      react: 19.2.6
      regexparam: 3.0.0
      use-sync-external-store: 1.6.0(react@19.2.6)

  zod@3.25.76: {}
